// !$*UTF8*$!
{
	archiveVersion = 1;
	classes = {
	};
	objectVersion = 55;
	objects = {

/* Begin PBXBuildFile section */
		E3026F9227AF799C00C6A332 /* GitTableViewCell.swift in Sources */ = {isa = PBXBuildFile; fileRef = E3026F9027AF799C00C6A332 /* GitTableViewCell.swift */; };
		E3026F9327AF799C00C6A332 /* GitTableViewCell.xib in Resources */ = {isa = PBXBuildFile; fileRef = E3026F9127AF799C00C6A332 /* GitTableViewCell.xib */; };
		E3026F9527AF7C0E00C6A332 /* Extension.swift in Sources */ = {isa = PBXBuildFile; fileRef = E3026F9427AF7C0E00C6A332 /* Extension.swift */; };
		E3026F9B27AFA4D900C6A332 /* UserDeatilsViewController.swift in Sources */ = {isa = PBXBuildFile; fileRef = E3026F9A27AFA4D900C6A332 /* UserDeatilsViewController.swift */; };
		E324856827AD8FE800E518EE /* RequestManager.swift in Sources */ = {isa = PBXBuildFile; fileRef = E324856727AD8FE800E518EE /* RequestManager.swift */; };
		E352877D27A9833D006C232F /* AppDelegate.swift in Sources */ = {isa = PBXBuildFile; fileRef = E352877C27A9833D006C232F /* AppDelegate.swift */; };
		E352877F27A9833D006C232F /* SceneDelegate.swift in Sources */ = {isa = PBXBuildFile; fileRef = E352877E27A9833D006C232F /* SceneDelegate.swift */; };
		E352878127A9833D006C232F /* UserListViewController.swift in Sources */ = {isa = PBXBuildFile; fileRef = E352878027A9833D006C232F /* UserListViewController.swift */; };
		E352878427A9833D006C232F /* Main.storyboard in Resources */ = {isa = PBXBuildFile; fileRef = E352878227A9833D006C232F /* Main.storyboard */; };
		E352878627A9833E006C232F /* Assets.xcassets in Resources */ = {isa = PBXBuildFile; fileRef = E352878527A9833E006C232F /* Assets.xcassets */; };
		E352878927A9833E006C232F /* LaunchScreen.storyboard in Resources */ = {isa = PBXBuildFile; fileRef = E352878727A9833E006C232F /* LaunchScreen.storyboard */; };
		E3CF621C27AE6CA400EF3487 /* GitHubModels.swift in Sources */ = {isa = PBXBuildFile; fileRef = E3CF621B27AE6CA400EF3487 /* GitHubModels.swift */; };
/* End PBXBuildFile section */

/* Begin PBXFileReference section */
		E3026F9027AF799C00C6A332 /* GitTableViewCell.swift */ = {isa = PBXFileReference; lastKnownFileType = sourcecode.swift; path = GitTableViewCell.swift; sourceTree = "<group>"; };
		E3026F9127AF799C00C6A332 /* GitTableViewCell.xib */ = {isa = PBXFileReference; lastKnownFileType = file.xib; path = GitTableViewCell.xib; sourceTree = "<group>"; };
		E3026F9427AF7C0E00C6A332 /* Extension.swift */ = {isa = PBXFileReference; lastKnownFileType = sourcecode.swift; path = Extension.swift; sourceTree = "<group>"; };
		E3026F9A27AFA4D900C6A332 /* UserDeatilsViewController.swift */ = {isa = PBXFileReference; lastKnownFileType = sourcecode.swift; path = UserDeatilsViewController.swift; sourceTree = "<group>"; };
		E324856727AD8FE800E518EE /* RequestManager.swift */ = {isa = PBXFileReference; lastKnownFileType = sourcecode.swift; path = RequestManager.swift; sourceTree = "<group>"; };
		E352877927A9833D006C232F /* API_Test.app */ = {isa = PBXFileReference; explicitFileType = wrapper.application; includeInIndex = 0; path = API_Test.app; sourceTree = BUILT_PRODUCTS_DIR; };
		E352877C27A9833D006C232F /* AppDelegate.swift */ = {isa = PBXFileReference; lastKnownFileType = sourcecode.swift; path = AppDelegate.swift; sourceTree = "<group>"; };
		E352877E27A9833D006C232F /* SceneDelegate.swift */ = {isa = PBXFileReference; lastKnownFileType = sourcecode.swift; path = SceneDelegate.swift; sourceTree = "<group>"; };
		E352878027A9833D006C232F /* UserListViewController.swift */ = {isa = PBXFileReference; lastKnownFileType = sourcecode.swift; path = UserListViewController.swift; sourceTree = "<group>"; };
		E352878327A9833D006C232F /* Base */ = {isa = PBXFileReference; lastKnownFileType = file.storyboard; name = Base; path = Base.lproj/Main.storyboard; sourceTree = "<group>"; };
		E352878527A9833E006C232F /* Assets.xcassets */ = {isa = PBXFileReference; lastKnownFileType = folder.assetcatalog; path = Assets.xcassets; sourceTree = "<group>"; };
		E352878827A9833E006C232F /* Base */ = {isa = PBXFileReference; lastKnownFileType = file.storyboard; name = Base; path = Base.lproj/LaunchScreen.storyboard; sourceTree = "<group>"; };
		E352878A27A9833E006C232F /* Info.plist */ = {isa = PBXFileReference; lastKnownFileType = text.plist.xml; path = Info.plist; sourceTree = "<group>"; };
		E3CF621B27AE6CA400EF3487 /* GitHubModels.swift */ = {isa = PBXFileReference; lastKnownFileType = sourcecode.swift; path = GitHubModels.swift; sourceTree = "<group>"; };
/* End PBXFileReference section */

/* Begin PBXFrameworksBuildPhase section */
		E352877627A9833D006C232F /* Frameworks */ = {
			isa = PBXFrameworksBuildPhase;
			buildActionMask = 2147483647;
			files = (
			);
			runOnlyForDeploymentPostprocessing = 0;
		};
/* End PBXFrameworksBuildPhase section */

/* Begin PBXGroup section */
		E3026F9C27AFB3ED00C6A332 /* Helper */ = {
			isa = PBXGroup;
			children = (
				E3026F9427AF7C0E00C6A332 /* Extension.swift */,
			);
			path = Helper;
			sourceTree = "<group>";
		};
		E3026F9D27AFB42000C6A332 /* Model */ = {
			isa = PBXGroup;
			children = (
				E3CF621B27AE6CA400EF3487 /* GitHubModels.swift */,
				E324856727AD8FE800E518EE /* RequestManager.swift */,
			);
			path = Model;
			sourceTree = "<group>";
		};
		E3026F9E27AFB43700C6A332 /* View */ = {
			isa = PBXGroup;
			children = (
				E3026F9027AF799C00C6A332 /* GitTableViewCell.swift */,
				E3026F9127AF799C00C6A332 /* GitTableViewCell.xib */,
			);
			path = View;
			sourceTree = "<group>";
		};
		E3026F9F27AFB44700C6A332 /* Controller */ = {
			isa = PBXGroup;
			children = (
				E352878027A9833D006C232F /* UserListViewController.swift */,
				E3026F9A27AFA4D900C6A332 /* UserDeatilsViewController.swift */,
			);
			path = Controller;
			sourceTree = "<group>";
		};
		E352877027A9833D006C232F = {
			isa = PBXGroup;
			children = (
				E352877B27A9833D006C232F /* API_Test */,
				E352877A27A9833D006C232F /* Products */,
			);
			sourceTree = "<group>";
		};
		E352877A27A9833D006C232F /* Products */ = {
			isa = PBXGroup;
			children = (
				E352877927A9833D006C232F /* API_Test.app */,
			);
			name = Products;
			sourceTree = "<group>";
		};
		E352877B27A9833D006C232F /* API_Test */ = {
			isa = PBXGroup;
			children = (
				E3026F9D27AFB42000C6A332 /* Model */,
				E3026F9E27AFB43700C6A332 /* View */,
				E3026F9F27AFB44700C6A332 /* Controller */,
				E3026F9C27AFB3ED00C6A332 /* Helper */,
				E352877C27A9833D006C232F /* AppDelegate.swift */,
				E352877E27A9833D006C232F /* SceneDelegate.swift */,
				E352878227A9833D006C232F /* Main.storyboard */,
				E352878527A9833E006C232F /* Assets.xcassets */,
				E352878727A9833E006C232F /* LaunchScreen.storyboard */,
				E352878A27A9833E006C232F /* Info.plist */,
			);
			path = API_Test;
			sourceTree = "<group>";
		};
/* End PBXGroup section */

/* Begin PBXNativeTarget section */
		E352877827A9833D006C232F /* API_Test */ = {
			isa = PBXNativeTarget;
			buildConfigurationList = E352878D27A9833E006C232F /* Build configuration list for PBXNativeTarget "API_Test" */;
			buildPhases = (
				E352877527A9833D006C232F /* Sources */,
				E352877627A9833D006C232F /* Frameworks */,
				E352877727A9833D006C232F /* Resources */,
			);
			buildRules = (
			);
			dependencies = (
			);
			name = API_Test;
			productName = API_Test;
			productReference = E352877927A9833D006C232F /* API_Test.app */;
			productType = "com.apple.product-type.application";
		};
/* End PBXNativeTarget section */

/* Begin PBXProject section */
		E352877127A9833D006C232F /* Project object */ = {
			isa = PBXProject;
			attributes = {
				BuildIndependentTargetsInParallel = 1;
				LastSwiftUpdateCheck = 1320;
				LastUpgradeCheck = 1320;
				TargetAttributes = {
					E352877827A9833D006C232F = {
						CreatedOnToolsVersion = 13.2.1;
					};
				};
			};
			buildConfigurationList = E352877427A9833D006C232F /* Build configuration list for PBXProject "API_Test" */;
			compatibilityVersion = "Xcode 13.0";
			developmentRegion = en;
			hasScannedForEncodings = 0;
			knownRegions = (
				en,
				Base,
			);
			mainGroup = E352877027A9833D006C232F;
			productRefGroup = E352877A27A9833D006C232F /* Products */;
			projectDirPath = "";
			projectRoot = "";
			targets = (
				E352877827A9833D006C232F /* API_Test */,
			);
		};
/* End PBXProject section */

/* Begin PBXResourcesBuildPhase section */
		E352877727A9833D006C232F /* Resources */ = {
			isa = PBXResourcesBuildPhase;
			buildActionMask = 2147483647;
			files = (
				E3026F9327AF799C00C6A332 /* GitTableViewCell.xib in Resources */,
				E352878927A9833E006C232F /* LaunchScreen.storyboard in Resources */,
				E352878627A9833E006C232F /* Assets.xcassets in Resources */,
				E352878427A9833D006C232F /* Main.storyboard in Resources */,
			);
			runOnlyForDeploymentPostprocessing = 0;
		};
/* End PBXResourcesBuildPhase section */

/* Begin PBXSourcesBuildPhase section */
		E352877527A9833D006C232F /* Sources */ = {
			isa = PBXSourcesBuildPhase;
			buildActionMask = 2147483647;
			files = (
				E3CF621C27AE6CA400EF3487 /* GitHubModels.swift in Sources */,
				E324856827AD8FE800E518EE /* RequestManager.swift in Sources */,
				E3026F9527AF7C0E00C6A332 /* Extension.swift in Sources */,
				E3026F9227AF799C00C6A332 /* GitTableViewCell.swift in Sources */,
				E352878127A9833D006C232F /* UserListViewController.swift in Sources */,
				E352877D27A9833D006C232F /* AppDelegate.swift in Sources */,
				E3026F9B27AFA4D900C6A332 /* UserDeatilsViewController.swift in Sources */,
				E352877F27A9833D006C232F /* SceneDelegate.swift in Sources */,
			);
			runOnlyForDeploymentPostprocessing = 0;
		};
/* End PBXSourcesBuildPhase section */

/* Begin PBXVariantGroup section */
		E352878227A9833D006C232F /* Main.storyboard */ = {
			isa = PBXVariantGroup;
			children = (
				E352878327A9833D006C232F /* Base */,
			);
			name = Main.storyboard;
			sourceTree = "<group>";
		};
		E352878727A9833E006C232F /* LaunchScreen.storyboard */ = {
			isa = PBXVariantGroup;
			children = (
				E352878827A9833E006C232F /* Base */,
			);
			name = LaunchScreen.storyboard;
			sourceTree = "<group>";
		};
/* End PBXVariantGroup section */

/* Begin XCBuildConfiguration section */
		E352878B27A9833E006C232F /* Debug */ = {
			isa = XCBuildConfiguration;
			buildSettings = {
				ALWAYS_SEARCH_USER_PATHS = NO;
				CLANG_ANALYZER_NONNULL = YES;
				CLANG_ANALYZER_NUMBER_OBJECT_CONVERSION = YES_AGGRESSIVE;
				CLANG_CXX_LANGUAGE_STANDARD = "gnu++17";
				CLANG_CXX_LIBRARY = "libc++";
				CLANG_ENABLE_MODULES = YES;
				CLANG_ENABLE_OBJC_ARC = YES;
				CLANG_ENABLE_OBJC_WEAK = YES;
				CLANG_WARN_BLOCK_CAPTURE_AUTORELEASING = YES;
				CLANG_WARN_BOOL_CONVERSION = YES;
				CLANG_WARN_COMMA = YES;
				CLANG_WARN_CONSTANT_CONVERSION = YES;
				CLANG_WARN_DEPRECATED_OBJC_IMPLEMENTATIONS = YES;
				CLANG_WARN_DIRECT_OBJC_ISA_USAGE = YES_ERROR;
				CLANG_WARN_DOCUMENTATION_COMMENTS = YES;
				CLANG_WARN_EMPTY_BODY = YES;
				CLANG_WARN_ENUM_CONVERSION = YES;
				CLANG_WARN_INFINITE_RECURSION = YES;
				CLANG_WARN_INT_CONVERSION = YES;
				CLANG_WARN_NON_LITERAL_NULL_CONVERSION = YES;
				CLANG_WARN_OBJC_IMPLICIT_RETAIN_SELF = YES;
				CLANG_WARN_OBJC_LITERAL_CONVERSION = YES;
				CLANG_WARN_OBJC_ROOT_CLASS = YES_ERROR;
				CLANG_WARN_QUOTED_INCLUDE_IN_FRAMEWORK_HEADER = YES;
				CLANG_WARN_RANGE_LOOP_ANALYSIS = YES;
				CLANG_WARN_STRICT_PROTOTYPES = YES;
				CLANG_WARN_SUSPICIOUS_MOVE = YES;
				CLANG_WARN_UNGUARDED_AVAILABILITY = YES_AGGRESSIVE;
				CLANG_WARN_UNREACHABLE_CODE = YES;
				CLANG_WARN__DUPLICATE_METHOD_MATCH = YES;
				COPY_PHASE_STRIP = NO;
				DEBUG_INFORMATION_FORMAT = dwarf;
				ENABLE_STRICT_OBJC_MSGSEND = YES;
				ENABLE_TESTABILITY = YES;
				GCC_C_LANGUAGE_STANDARD = gnu11;
				GCC_DYNAMIC_NO_PIC = NO;
				GCC_NO_COMMON_BLOCKS = YES;
				GCC_OPTIMIZATION_LEVEL = 0;
				GCC_PREPROCESSOR_DEFINITIONS = (
					"DEBUG=1",
					"$(inherited)",
				);
				GCC_WARN_64_TO_32_BIT_CONVERSION = YES;
				GCC_WARN_ABOUT_RETURN_TYPE = YES_ERROR;
				GCC_WARN_UNDECLARED_SELECTOR = YES;
				GCC_WARN_UNINITIALIZED_AUTOS = YES_AGGRESSIVE;
				GCC_WARN_UNUSED_FUNCTION = YES;
				GCC_WARN_UNUSED_VARIABLE = YES;
				IPHONEOS_DEPLOYMENT_TARGET = 15.2;
				MTL_ENABLE_DEBUG_INFO = INCLUDE_SOURCE;
				MTL_FAST_MATH = YES;
				ONLY_ACTIVE_ARCH = YES;
				SDKROOT = iphoneos;
				SWIFT_ACTIVE_COMPILATION_CONDITIONS = DEBUG;
				SWIFT_OPTIMIZATION_LEVEL = "-Onone";
			};
			name = Debug;
		};
		E352878C27A9833E006C232F /* Release */ = {
			isa = XCBuildConfiguration;
			buildSettings = {
				ALWAYS_SEARCH_USER_PATHS = NO;
				CLANG_ANALYZER_NONNULL = YES;
				CLANG_ANALYZER_NUMBER_OBJECT_CONVERSION = YES_AGGRESSIVE;
				CLANG_CXX_LANGUAGE_STANDARD = "gnu++17";
				CLANG_CXX_LIBRARY = "libc++";
				CLANG_ENABLE_MODULES = YES;
				CLANG_ENABLE_OBJC_ARC = YES;
				CLANG_ENABLE_OBJC_WEAK = YES;
				CLANG_WARN_BLOCK_CAPTURE_AUTORELEASING = YES;
				CLANG_WARN_BOOL_CONVERSION = YES;
				CLANG_WARN_COMMA = YES;
				CLANG_WARN_CONSTANT_CONVERSION = YES;
				CLANG_WARN_DEPRECATED_OBJC_IMPLEMENTATIONS = YES;
				CLANG_WARN_DIRECT_OBJC_ISA_USAGE = YES_ERROR;
				CLANG_WARN_DOCUMENTATION_COMMENTS = YES;
				CLANG_WARN_EMPTY_BODY = YES;
				CLANG_WARN_ENUM_CONVERSION = YES;
				CLANG_WARN_INFINITE_RECURSION = YES;
				CLANG_WARN_INT_CONVERSION = YES;
				CLANG_WARN_NON_LITERAL_NULL_CONVERSION = YES;
				CLANG_WARN_OBJC_IMPLICIT_RETAIN_SELF = YES;
				CLANG_WARN_OBJC_LITERAL_CONVERSION = YES;
				CLANG_WARN_OBJC_ROOT_CLASS = YES_ERROR;
				CLANG_WARN_QUOTED_INCLUDE_IN_FRAMEWORK_HEADER = YES;
				CLANG_WARN_RANGE_LOOP_ANALYSIS = YES;
				CLANG_WARN_STRICT_PROTOTYPES = YES;
				CLANG_WARN_SUSPICIOUS_MOVE = YES;
				CLANG_WARN_UNGUARDED_AVAILABILITY = YES_AGGRESSIVE;
				CLANG_WARN_UNREACHABLE_CODE = YES;
				CLANG_WARN__DUPLICATE_METHOD_MATCH = YES;
				COPY_PHASE_STRIP = NO;
				DEBUG_INFORMATION_FORMAT = "dwarf-with-dsym";
				ENABLE_NS_ASSERTIONS = NO;
				ENABLE_STRICT_OBJC_MSGSEND = YES;
				GCC_C_LANGUAGE_STANDARD = gnu11;
				GCC_NO_COMMON_BLOCKS = YES;
				GCC_WARN_64_TO_32_BIT_CONVERSION = YES;
				GCC_WARN_ABOUT_RETURN_TYPE = YES_ERROR;
				GCC_WARN_UNDECLARED_SELECTOR = YES;
				GCC_WARN_UNINITIALIZED_AUTOS = YES_AGGRESSIVE;
				GCC_WARN_UNUSED_FUNCTION = YES;
				GCC_WARN_UNUSED_VARIABLE = YES;
				IPHONEOS_DEPLOYMENT_TARGET = 15.2;
				MTL_ENABLE_DEBUG_INFO = NO;
				MTL_FAST_MATH = YES;
				SDKROOT = iphoneos;
				SWIFT_COMPILATION_MODE = wholemodule;
				SWIFT_OPTIMIZATION_LEVEL = "-O";
				VALIDATE_PRODUCT = YES;
			};
			name = Release;
		};
		E352878E27A9833E006C232F /* Debug */ = {
			isa = XCBuildConfiguration;
			buildSettings = {
				ASSETCATALOG_COMPILER_APPICON_NAME = AppIcon;
				ASSETCATALOG_COMPILER_GLOBAL_ACCENT_COLOR_NAME = AccentColor;
				CODE_SIGN_STYLE = Automatic;
				CURRENT_PROJECT_VERSION = 1;
				DEVELOPMENT_TEAM = ZC67SD524U;
				GENERATE_INFOPLIST_FILE = YES;
				INFOPLIST_FILE = API_Test/Info.plist;
				INFOPLIST_KEY_UIApplicationSupportsIndirectInputEvents = YES;
				INFOPLIST_KEY_UILaunchStoryboardName = LaunchScreen;
				INFOPLIST_KEY_UIMainStoryboardFile = Main;
				INFOPLIST_KEY_UISupportedInterfaceOrientations_iPad = "UIInterfaceOrientationPortrait UIInterfaceOrientationPortraitUpsideDown UIInterfaceOrientationLandscapeLeft UIInterfaceOrientationLandscapeRight";
				INFOPLIST_KEY_UISupportedInterfaceOrientations_iPhone = "UIInterfaceOrientationPortrait UIInterfaceOrientationLandscapeLeft UIInterfaceOrientationLandscapeRight";
				LD_RUNPATH_SEARCH_PATHS = (
					"$(inherited)",
					"@executable_path/Frameworks",
				);
				MARKETING_VERSION = 1.0;
				PRODUCT_BUNDLE_IDENTIFIER = "com.kokinakoka.API-Test";
				PRODUCT_NAME = "$(TARGET_NAME)";
				SWIFT_EMIT_LOC_STRINGS = YES;
				SWIFT_VERSION = 5.0;
				TARGETED_DEVICE_FAMILY = "1,2";
			};
			name = Debug;
		};
		E352878F27A9833E006C232F /* Release */ = {
			isa = XCBuildConfiguration;
			buildSettings = {
				ASSETCATALOG_COMPILER_APPICON_NAME = AppIcon;
				ASSETCATALOG_COMPILER_GLOBAL_ACCENT_COLOR_NAME = AccentColor;
				CODE_SIGN_STYLE = Automatic;
				CURRENT_PROJECT_VERSION = 1;
				DEVELOPMENT_TEAM = ZC67SD524U;
				GENERATE_INFOPLIST_FILE = YES;
				INFOPLIST_FILE = API_Test/Info.plist;
				INFOPLIST_KEY_UIApplicationSupportsIndirectInputEvents = YES;
				INFOPLIST_KEY_UILaunchStoryboardName = LaunchScreen;
				INFOPLIST_KEY_UIMainStoryboardFile = Main;
				INFOPLIST_KEY_UISupportedInterfaceOrientations_iPad = "UIInterfaceOrientationPortrait UIInterfaceOrientationPortraitUpsideDown UIInterfaceOrientationLandscapeLeft UIInterfaceOrientationLandscapeRight";
				INFOPLIST_KEY_UISupportedInterfaceOrientations_iPhone = "UIInterfaceOrientationPortrait UIInterfaceOrientationLandscapeLeft UIInterfaceOrientationLandscapeRight";
				LD_RUNPATH_SEARCH_PATHS = (
					"$(inherited)",
					"@executable_path/Frameworks",
				);
				MARKETING_VERSION = 1.0;
				PRODUCT_BUNDLE_IDENTIFIER = "com.kokinakoka.API-Test";
				PRODUCT_NAME = "$(TARGET_NAME)";
				SWIFT_EMIT_LOC_STRINGS = YES;
				SWIFT_VERSION = 5.0;
				TARGETED_DEVICE_FAMILY = "1,2";
			};
			name = Release;
		};
/* End XCBuildConfiguration section */

/* Begin XCConfigurationList section */
		E352877427A9833D006C232F /* Build configuration list for PBXProject "API_Test" */ = {
			isa = XCConfigurationList;
			buildConfigurations = (
				E352878B27A9833E006C232F /* Debug */,
				E352878C27A9833E006C232F /* Release */,
			);
			defaultConfigurationIsVisible = 0;
			defaultConfigurationName = Release;
		};
		E352878D27A9833E006C232F /* Build configuration list for PBXNativeTarget "API_Test" */ = {
			isa = XCConfigurationList;
			buildConfigurations = (
				E352878E27A9833E006C232F /* Debug */,
				E352878F27A9833E006C232F /* Release */,
			);
			defaultConfigurationIsVisible = 0;
			defaultConfigurationName = Release;
		};
/* End XCConfigurationList section */
	};
	rootObject = E352877127A9833D006C232F /* Project object */;
}
